
Microsoft Visual Studio Solution File, Format Version 12.00
# Visual Studio Version 16
VisualStudioVersion = 16.0.32510.428
MinimumVisualStudioVersion = 10.0.40219.1
Project("{9A19103F-16F7-4668-BE54-9A1E7A4F7556}") = "De.Pazos.Agustin", "De.Pazos.Agustin\De.Pazos.Agustin.csproj", "{E8ED9B4D-1455-4F13-8E93-6035897B9F1E}"
EndProject
Project("{FAE04EC0-301F-11D3-BF4B-00C04F79EFBC}") = "Entidades", "Entidades\Entidades.csproj", "{2453104D-C983-483C-9697-659953ED665B}"
EndProject
Global
	GlobalSection(SolutionConfigurationPlatforms) = preSolution
		Debug|Any CPU = Debug|Any CPU
		Release|Any CPU = Release|Any CPU
	EndGlobalSection
	GlobalSection(ProjectConfigurationPlatforms) = postSolution
		{E8ED9B4D-1455-4F13-8E93-6035897B9F1E}.Debug|Any CPU.ActiveCfg = Debug|Any CPU
		{E8ED9B4D-1455-4F13-8E93-6035897B9F1E}.Debug|Any CPU.Build.0 = Debug|Any CPU
		{E8ED9B4D-1455-4F13-8E93-6035897B9F1E}.Release|Any CPU.ActiveCfg = Release|Any CPU
		{E8ED9B4D-1455-4F13-8E93-6035897B9F1E}.Release|Any CPU.Build.0 = Release|Any CPU
		{2453104D-C983-483C-9697-659953ED665B}.Debug|Any CPU.ActiveCfg = Debug|Any CPU
		{2453104D-C983-483C-9697-659953ED665B}.Debug|Any CPU.Build.0 = Debug|Any CPU
		{2453104D-C983-483C-9697-659953ED665B}.Release|Any CPU.ActiveCfg = Release|Any CPU
		{2453104D-C983-483C-9697-659953ED665B}.Release|Any CPU.Build.0 = Release|Any CPU
	EndGlobalSection
	GlobalSection(SolutionProperties) = preSolution
		HideSolutionNode = FALSE
	EndGlobalSection
	GlobalSection(ExtensibilityGlobals) = postSolution
		SolutionGuid = {ACDD511A-AAF3-4FA0-BE23-5B92775C7474}
	EndGlobalSection
EndGlobal
